
Microsoft Visual Studio Solution File, Format Version 12.00
# Visual Studio Version 17
VisualStudioVersion = 17.14.36109.1 d17.14
MinimumVisualStudioVersion = 10.0.40219.1
Project("{FAE04EC0-301F-11D3-BF4B-00C04F79EFBC}") = "Microsoft IT", "Microsoft IT\Microsoft IT.csproj", "{7EE8FA6E-8EA1-41F7-84CD-67FA2EB71565}"
EndProject
Global
	GlobalSection(SolutionConfigurationPlatforms) = preSolution
		Debug|Any CPU = Debug|Any CPU
		Release|Any CPU = Release|Any CPU
	EndGlobalSection
	GlobalSection(ProjectConfigurationPlatforms) = postSolution
		{7EE8FA6E-8EA1-41F7-84CD-67FA2EB71565}.Debug|Any CPU.ActiveCfg = Debug|Any CPU
		{7EE8FA6E-8EA1-41F7-84CD-67FA2EB71565}.Debug|Any CPU.Build.0 = Debug|Any CPU
		{7EE8FA6E-8EA1-41F7-84CD-67FA2EB71565}.Release|Any CPU.ActiveCfg = Release|Any CPU
		{7EE8FA6E-8EA1-41F7-84CD-67FA2EB71565}.Release|Any CPU.Build.0 = Release|Any CPU
	EndGlobalSection
	GlobalSection(SolutionProperties) = preSolution
		HideSolutionNode = FALSE
	EndGlobalSection
	GlobalSection(ExtensibilityGlobals) = postSolution
		SolutionGuid = {057378A6-5363-4BF6-B64A-8B7B63729B76}
	EndGlobalSection
EndGlobal
